// !$*UTF8*$!
{
	archiveVersion = 1;
	classes = {
	};
	objectVersion = 46;
	objects = {

/* Begin PBXBuildFile section */
		6DEC34D91CC8A67100706F57 /* AppDelegate.swift in Sources */ = {isa = PBXBuildFile; fileRef = 6DEC34D81CC8A67100706F57 /* AppDelegate.swift */; };
		6DEC34DB1CC8A67200706F57 /* ViewController.swift in Sources */ = {isa = PBXBuildFile; fileRef = 6DEC34DA1CC8A67200706F57 /* ViewController.swift */; };
		6DEC34DE1CC8A67200706F57 /* Main.storyboard in Resources */ = {isa = PBXBuildFile; fileRef = 6DEC34DC1CC8A67200706F57 /* Main.storyboard */; };
		6DEC34E01CC8A67200706F57 /* Assets.xcassets in Resources */ = {isa = PBXBuildFile; fileRef = 6DEC34DF1CC8A67200706F57 /* Assets.xcassets */; };
		6DEC34E31CC8A67200706F57 /* LaunchScreen.storyboard in Resources */ = {isa = PBXBuildFile; fileRef = 6DEC34E11CC8A67200706F57 /* LaunchScreen.storyboard */; };
		6DEC34EB1CC8A6E300706F57 /* PlacesCollectionViewController.swift in Sources */ = {isa = PBXBuildFile; fileRef = 6DEC34EA1CC8A6E300706F57 /* PlacesCollectionViewController.swift */; };
		6DEC34ED1CC8AB2700706F57 /* Places.xcassets in Resources */ = {isa = PBXBuildFile; fileRef = 6DEC34EC1CC8AB2700706F57 /* Places.xcassets */; };
		6DEC34EF1CC8AB3200706F57 /* PlacesDataSource.swift in Sources */ = {isa = PBXBuildFile; fileRef = 6DEC34EE1CC8AB3200706F57 /* PlacesDataSource.swift */; };
/* End PBXBuildFile section */

/* Begin PBXFileReference section */
		6DEC34D51CC8A67100706F57 /* PlacesCollectionViewDemo.app */ = {isa = PBXFileReference; explicitFileType = wrapper.application; includeInIndex = 0; path = PlacesCollectionViewDemo.app; sourceTree = BUILT_PRODUCTS_DIR; };
		6DEC34D81CC8A67100706F57 /* AppDelegate.swift */ = {isa = PBXFileReference; lastKnownFileType = sourcecode.swift; path = AppDelegate.swift; sourceTree = "<group>"; };
		6DEC34DA1CC8A67200706F57 /* ViewController.swift */ = {isa = PBXFileReference; lastKnownFileType = sourcecode.swift; path = ViewController.swift; sourceTree = "<group>"; };
		6DEC34DD1CC8A67200706F57 /* Base */ = {isa = PBXFileReference; lastKnownFileType = file.storyboard; name = Base; path = Base.lproj/Main.storyboard; sourceTree = "<group>"; };
		6DEC34DF1CC8A67200706F57 /* Assets.xcassets */ = {isa = PBXFileReference; lastKnownFileType = folder.assetcatalog; path = Assets.xcassets; sourceTree = "<group>"; };
		6DEC34E21CC8A67200706F57 /* Base */ = {isa = PBXFileReference; lastKnownFileType = file.storyboard; name = Base; path = Base.lproj/LaunchScreen.storyboard; sourceTree = "<group>"; };
		6DEC34E41CC8A67200706F57 /* Info.plist */ = {isa = PBXFileReference; lastKnownFileType = text.plist.xml; path = Info.plist; sourceTree = "<group>"; };
		6DEC34EA1CC8A6E300706F57 /* PlacesCollectionViewController.swift */ = {isa = PBXFileReference; fileEncoding = 4; lastKnownFileType = sourcecode.swift; path = PlacesCollectionViewController.swift; sourceTree = "<group>"; };
		6DEC34EC1CC8AB2700706F57 /* Places.xcassets */ = {isa = PBXFileReference; lastKnownFileType = folder.assetcatalog; path = Places.xcassets; sourceTree = "<group>"; };
		6DEC34EE1CC8AB3200706F57 /* PlacesDataSource.swift */ = {isa = PBXFileReference; fileEncoding = 4; lastKnownFileType = sourcecode.swift; path = PlacesDataSource.swift; sourceTree = "<group>"; };
/* End PBXFileReference section */

/* Begin PBXFrameworksBuildPhase section */
		6DEC34D21CC8A67100706F57 /* Frameworks */ = {
			isa = PBXFrameworksBuildPhase;
			buildActionMask = 2147483647;
			files = (
			);
			runOnlyForDeploymentPostprocessing = 0;
		};
/* End PBXFrameworksBuildPhase section */

/* Begin PBXGroup section */
		6DEC34CC1CC8A67100706F57 = {
			isa = PBXGroup;
			children = (
				6DEC34D71CC8A67100706F57 /* PlacesCollectionViewDemo */,
				6DEC34D61CC8A67100706F57 /* Products */,
			);
			sourceTree = "<group>";
		};
		6DEC34D61CC8A67100706F57 /* Products */ = {
			isa = PBXGroup;
			children = (
				6DEC34D51CC8A67100706F57 /* PlacesCollectionViewDemo.app */,
			);
			name = Products;
			sourceTree = "<group>";
		};
		6DEC34D71CC8A67100706F57 /* PlacesCollectionViewDemo */ = {
			isa = PBXGroup;
			children = (
				6DEC34EA1CC8A6E300706F57 /* PlacesCollectionViewController.swift */,
				6DEC34D81CC8A67100706F57 /* AppDelegate.swift */,
				6DEC34DA1CC8A67200706F57 /* ViewController.swift */,
				6DEC34DC1CC8A67200706F57 /* Main.storyboard */,
				6DEC34DF1CC8A67200706F57 /* Assets.xcassets */,
				6DEC34EE1CC8AB3200706F57 /* PlacesDataSource.swift */,
				6DEC34EC1CC8AB2700706F57 /* Places.xcassets */,
				6DEC34E11CC8A67200706F57 /* LaunchScreen.storyboard */,
				6DEC34E41CC8A67200706F57 /* Info.plist */,
			);
			path = PlacesCollectionViewDemo;
			sourceTree = "<group>";
		};
/* End PBXGroup section */

/* Begin PBXNativeTarget section */
		6DEC34D41CC8A67100706F57 /* PlacesCollectionViewDemo */ = {
			isa = PBXNativeTarget;
			buildConfigurationList = 6DEC34E71CC8A67200706F57 /* Build configuration list for PBXNativeTarget "PlacesCollectionViewDemo" */;
			buildPhases = (
				6DEC34D11CC8A67100706F57 /* Sources */,
				6DEC34D21CC8A67100706F57 /* Frameworks */,
				6DEC34D31CC8A67100706F57 /* Resources */,
			);
			buildRules = (
			);
			dependencies = (
			);
			name = PlacesCollectionViewDemo;
			productName = PlacesCollectionViewDemo;
			productReference = 6DEC34D51CC8A67100706F57 /* PlacesCollectionViewDemo.app */;
			productType = "com.apple.product-type.application";
		};
/* End PBXNativeTarget section */

/* Begin PBXProject section */
		6DEC34CD1CC8A67100706F57 /* Project object */ = {
			isa = PBXProject;
			attributes = {
				LastSwiftUpdateCheck = 0720;
				LastUpgradeCheck = 0720;
				ORGANIZATIONNAME = HackerU;
				TargetAttributes = {
					6DEC34D41CC8A67100706F57 = {
						CreatedOnToolsVersion = 7.2.1;
					};
				};
			};
			buildConfigurationList = 6DEC34D01CC8A67100706F57 /* Build configuration list for PBXProject "PlacesCollectionViewDemo" */;
			compatibilityVersion = "Xcode 3.2";
			developmentRegion = English;
			hasScannedForEncodings = 0;
			knownRegions = (
				en,
				Base,
			);
			mainGroup = 6DEC34CC1CC8A67100706F57;
			productRefGroup = 6DEC34D61CC8A67100706F57 /* Products */;
			projectDirPath = "";
			projectRoot = "";
			targets = (
				6DEC34D41CC8A67100706F57 /* PlacesCollectionViewDemo */,
			);
		};
/* End PBXProject section */

/* Begin PBXResourcesBuildPhase section */
		6DEC34D31CC8A67100706F57 /* Resources */ = {
			isa = PBXResourcesBuildPhase;
			buildActionMask = 2147483647;
			files = (
				6DEC34E31CC8A67200706F57 /* LaunchScreen.storyboard in Resources */,
				6DEC34E01CC8A67200706F57 /* Assets.xcassets in Resources */,
				6DEC34DE1CC8A67200706F57 /* Main.storyboard in Resources */,
				6DEC34ED1CC8AB2700706F57 /* Places.xcassets in Resources */,
			);
			runOnlyForDeploymentPostprocessing = 0;
		};
/* End PBXResourcesBuildPhase section */

/* Begin PBXSourcesBuildPhase section */
		6DEC34D11CC8A67100706F57 /* Sources */ = {
			isa = PBXSourcesBuildPhase;
			buildActionMask = 2147483647;
			files = (
				6DEC34EF1CC8AB3200706F57 /* PlacesDataSource.swift in Sources */,
				6DEC34DB1CC8A67200706F57 /* ViewController.swift in Sources */,
				6DEC34EB1CC8A6E300706F57 /* PlacesCollectionViewController.swift in Sources */,
				6DEC34D91CC8A67100706F57 /* AppDelegate.swift in Sources */,
			);
			runOnlyForDeploymentPostprocessing = 0;
		};
/* End PBXSourcesBuildPhase section */

/* Begin PBXVariantGroup section */
		6DEC34DC1CC8A67200706F57 /* Main.storyboard */ = {
			isa = PBXVariantGroup;
			children = (
				6DEC34DD1CC8A67200706F57 /* Base */,
			);
			name = Main.storyboard;
			sourceTree = "<group>";
		};
		6DEC34E11CC8A67200706F57 /* LaunchScreen.storyboard */ = {
			isa = PBXVariantGroup;
			children = (
				6DEC34E21CC8A67200706F57 /* Base */,
			);
			name = LaunchScreen.storyboard;
			sourceTree = "<group>";
		};
/* End PBXVariantGroup section */

/* Begin XCBuildConfiguration section */
		6DEC34E51CC8A67200706F57 /* Debug */ = {
			isa = XCBuildConfiguration;
			buildSettings = {
				ALWAYS_SEARCH_USER_PATHS = NO;
				CLANG_CXX_LANGUAGE_STANDARD = "gnu++0x";
				CLANG_CXX_LIBRARY = "libc++";
				CLANG_ENABLE_MODULES = YES;
				CLANG_ENABLE_OBJC_ARC = YES;
				CLANG_WARN_BOOL_CONVERSION = YES;
				CLANG_WARN_CONSTANT_CONVERSION = YES;
				CLANG_WARN_DIRECT_OBJC_ISA_USAGE = YES_ERROR;
				CLANG_WARN_EMPTY_BODY = YES;
				CLANG_WARN_ENUM_CONVERSION = YES;
				CLANG_WARN_INT_CONVERSION = YES;
				CLANG_WARN_OBJC_ROOT_CLASS = YES_ERROR;
				CLANG_WARN_UNREACHABLE_CODE = YES;
				CLANG_WARN__DUPLICATE_METHOD_MATCH = YES;
				"CODE_SIGN_IDENTITY[sdk=iphoneos*]" = "iPhone Developer";
				COPY_PHASE_STRIP = NO;
				DEBUG_INFORMATION_FORMAT = dwarf;
				ENABLE_STRICT_OBJC_MSGSEND = YES;
				ENABLE_TESTABILITY = YES;
				GCC_C_LANGUAGE_STANDARD = gnu99;
				GCC_DYNAMIC_NO_PIC = NO;
				GCC_NO_COMMON_BLOCKS = YES;
				GCC_OPTIMIZATION_LEVEL = 0;
				GCC_PREPROCESSOR_DEFINITIONS = (
					"DEBUG=1",
					"$(inherited)",
				);
				GCC_WARN_64_TO_32_BIT_CONVERSION = YES;
				GCC_WARN_ABOUT_RETURN_TYPE = YES_ERROR;
				GCC_WARN_UNDECLARED_SELECTOR = YES;
				GCC_WARN_UNINITIALIZED_AUTOS = YES_AGGRESSIVE;
				GCC_WARN_UNUSED_FUNCTION = YES;
				GCC_WARN_UNUSED_VARIABLE = YES;
				IPHONEOS_DEPLOYMENT_TARGET = 9.2;
				MTL_ENABLE_DEBUG_INFO = YES;
				ONLY_ACTIVE_ARCH = YES;
				SDKROOT = iphoneos;
				SWIFT_OPTIMIZATION_LEVEL = "-Onone";
				TARGETED_DEVICE_FAMILY = "1,2";
			};
			name = Debug;
		};
		6DEC34E61CC8A67200706F57 /* Release */ = {
			isa = XCBuildConfiguration;
			buildSettings = {
				ALWAYS_SEARCH_USER_PATHS = NO;
				CLANG_CXX_LANGUAGE_STANDARD = "gnu++0x";
				CLANG_CXX_LIBRARY = "libc++";
				CLANG_ENABLE_MODULES = YES;
				CLANG_ENABLE_OBJC_ARC = YES;
				CLANG_WARN_BOOL_CONVERSION = YES;
				CLANG_WARN_CONSTANT_CONVERSION = YES;
				CLANG_WARN_DIRECT_OBJC_ISA_USAGE = YES_ERROR;
				CLANG_WARN_EMPTY_BODY = YES;
				CLANG_WARN_ENUM_CONVERSION = YES;
				CLANG_WARN_INT_CONVERSION = YES;
				CLANG_WARN_OBJC_ROOT_CLASS = YES_ERROR;
				CLANG_WARN_UNREACHABLE_CODE = YES;
				CLANG_WARN__DUPLICATE_METHOD_MATCH = YES;
				"CODE_SIGN_IDENTITY[sdk=iphoneos*]" = "iPhone Developer";
				COPY_PHASE_STRIP = NO;
				DEBUG_INFORMATION_FORMAT = "dwarf-with-dsym";
				ENABLE_NS_ASSERTIONS = NO;
				ENABLE_STRICT_OBJC_MSGSEND = YES;
				GCC_C_LANGUAGE_STANDARD = gnu99;
				GCC_NO_COMMON_BLOCKS = YES;
				GCC_WARN_64_TO_32_BIT_CONVERSION = YES;
				GCC_WARN_ABOUT_RETURN_TYPE = YES_ERROR;
				GCC_WARN_UNDECLARED_SELECTOR = YES;
				GCC_WARN_UNINITIALIZED_AUTOS = YES_AGGRESSIVE;
				GCC_WARN_UNUSED_FUNCTION = YES;
				GCC_WARN_UNUSED_VARIABLE = YES;
				IPHONEOS_DEPLOYMENT_TARGET = 9.2;
				MTL_ENABLE_DEBUG_INFO = NO;
				SDKROOT = iphoneos;
				TARGETED_DEVICE_FAMILY = "1,2";
				VALIDATE_PRODUCT = YES;
			};
			name = Release;
		};
		6DEC34E81CC8A67200706F57 /* Debug */ = {
			isa = XCBuildConfiguration;
			buildSettings = {
				ASSETCATALOG_COMPILER_APPICON_NAME = AppIcon;
				INFOPLIST_FILE = PlacesCollectionViewDemo/Info.plist;
				LD_RUNPATH_SEARCH_PATHS = "$(inherited) @executable_path/Frameworks";
				PRODUCT_BUNDLE_IDENTIFIER = edu.tomerbu.hackeru.PlacesCollectionViewDemo;
				PRODUCT_NAME = "$(TARGET_NAME)";
			};
			name = Debug;
		};
		6DEC34E91CC8A67200706F57 /* Release */ = {
			isa = XCBuildConfiguration;
			buildSettings = {
				ASSETCATALOG_COMPILER_APPICON_NAME = AppIcon;
				INFOPLIST_FILE = PlacesCollectionViewDemo/Info.plist;
				LD_RUNPATH_SEARCH_PATHS = "$(inherited) @executable_path/Frameworks";
				PRODUCT_BUNDLE_IDENTIFIER = edu.tomerbu.hackeru.PlacesCollectionViewDemo;
				PRODUCT_NAME = "$(TARGET_NAME)";
			};
			name = Release;
		};
/* End XCBuildConfiguration section */

/* Begin XCConfigurationList section */
		6DEC34D01CC8A67100706F57 /* Build configuration list for PBXProject "PlacesCollectionViewDemo" */ = {
			isa = XCConfigurationList;
			buildConfigurations = (
				6DEC34E51CC8A67200706F57 /* Debug */,
				6DEC34E61CC8A67200706F57 /* Release */,
			);
			defaultConfigurationIsVisible = 0;
			defaultConfigurationName = Release;
		};
		6DEC34E71CC8A67200706F57 /* Build configuration list for PBXNativeTarget "PlacesCollectionViewDemo" */ = {
			isa = XCConfigurationList;
			buildConfigurations = (
				6DEC34E81CC8A67200706F57 /* Debug */,
				6DEC34E91CC8A67200706F57 /* Release */,
			);
			defaultConfigurationIsVisible = 0;
		};
/* End XCConfigurationList section */
	};
	rootObject = 6DEC34CD1CC8A67100706F57 /* Project object */;
}
